<?xml version="1.0" encoding="utf-8"?>
<Project ToolsVersion="4.0" xmlns="http://schemas.microsoft.com/developer/msbuild/2003">
  <ItemGroup>
    <Filter Include="Source Files">
      <UniqueIdentifier>{b8e436d7-9059-4c70-b1bf-c1107578874e}</UniqueIdentifier>
      <Extensions>cpp;c;cxx;rc;def;r;odl;idl;hpj;bat</Extensions>
    </Filter>
    <Filter Include="Header Files">
      <UniqueIdentifier>{9bae4889-34df-4246-b282-f356bcbe2e19}</UniqueIdentifier>
      <Extensions>h;hpp;hxx;hm;inl</Extensions>
    </Filter>
    <Filter Include="Resource Files">
      <UniqueIdentifier>{3787c803-4d0a-41a1-8460-a64175295955}</UniqueIdentifier>
      <Extensions>ico;cur;bmp;dlg;rc2;rct;bin;rgs;gif;jpg;jpeg;jpe</Extensions>
    </Filter>
  </ItemGroup>
  <ItemGroup>
    <ClCompile Include="..\Include\Buffer.cpp">
      <Filter>Source Files</Filter>
    </ClCompile>
    <ClCompile Include="Chatter.cpp">
      <Filter>Source Files</Filter>
    </ClCompile>
    <ClCompile Include="ChatterDlg.cpp">
      <Filter>Source Files</Filter>
    </ClCompile>
    <ClCompile Include="ChatterMgr.cpp">
      <Filter>Source Files</Filter>
    </ClCompile>
    <ClCompile Include="ClientSocket.cpp">
      <Filter>Source Files</Filter>
    </ClCompile>
    <ClCompile Include="ConnectDlg.cpp">
      <Filter>Source Files</Filter>
    </ClCompile>
    <ClCompile Include="FileTransfer.cpp">
      <Filter>Source Files</Filter>
    </ClCompile>
    <ClCompile Include="ListCtrlEx.cpp">
      <Filter>Source Files</Filter>
    </ClCompile>
    <ClCompile Include="LoginDlg.cpp">
      <Filter>Source Files</Filter>
    </ClCompile>
    <ClCompile Include="StdAfx.cpp">
      <Filter>Source Files</Filter>
    </ClCompile>
    <ClCompile Include="TransferProgress.cpp">
      <Filter>Source Files</Filter>
    </ClCompile>
    <ClCompile Include="Waiting.cpp">
      <Filter>Source Files</Filter>
    </ClCompile>
    <ClCompile Include="SoundTransfer.cpp">
      <Filter>Source Files</Filter>
    </ClCompile>
    <ClCompile Include="Sound.cpp">
      <Filter>Source Files</Filter>
    </ClCompile>
  </ItemGroup>
  <ItemGroup>
    <ResourceCompile Include="Chatter.rc">
      <Filter>Source Files</Filter>
    </ResourceCompile>
  </ItemGroup>
  <ItemGroup>
    <ClInclude Include="..\Include\Buffer.h">
      <Filter>Header Files</Filter>
    </ClInclude>
    <ClInclude Include="Chatter.h">
      <Filter>Header Files</Filter>
    </ClInclude>
    <ClInclude Include="ChatterDlg.h">
      <Filter>Header Files</Filter>
    </ClInclude>
    <ClInclude Include="ChatterMgr.h">
      <Filter>Header Files</Filter>
    </ClInclude>
    <ClInclude Include="..\Include\ClientCommand.h">
      <Filter>Header Files</Filter>
    </ClInclude>
    <ClInclude Include="ClientSocket.h">
      <Filter>Header Files</Filter>
    </ClInclude>
    <ClInclude Include="ConnectDlg.h">
      <Filter>Header Files</Filter>
    </ClInclude>
    <ClInclude Include="FileTransfer.h">
      <Filter>Header Files</Filter>
    </ClInclude>
    <ClInclude Include="ListCtrlEx.h">
      <Filter>Header Files</Filter>
    </ClInclude>
    <ClInclude Include="LoginDlg.h">
      <Filter>Header Files</Filter>
    </ClInclude>
    <ClInclude Include="Resource.h">
      <Filter>Header Files</Filter>
    </ClInclude>
    <ClInclude Include="StdAfx.h">
      <Filter>Header Files</Filter>
    </ClInclude>
    <ClInclude Include="TransferProgress.h">
      <Filter>Header Files</Filter>
    </ClInclude>
    <ClInclude Include="..\Include\User.h">
      <Filter>Header Files</Filter>
    </ClInclude>
    <ClInclude Include="Waiting.h">
      <Filter>Header Files</Filter>
    </ClInclude>
    <ClInclude Include="..\Include\XMLCommand.h">
      <Filter>Header Files</Filter>
    </ClInclude>
    <ClInclude Include="..\Include\SoundTransfer.h">
      <Filter>Header Files</Filter>
    </ClInclude>
    <ClInclude Include="Sound.h">
      <Filter>Header Files</Filter>
    </ClInclude>
  </ItemGroup>
  <ItemGroup>
    <Image Include="res\Chatter.ico">
      <Filter>Resource Files</Filter>
    </Image>
  </ItemGroup>
  <ItemGroup>
    <Text Include="ReadMe.txt" />
  </ItemGroup>
  <ItemGroup>
    <CustomBuild Include="res\Chatter.rc2">
      <Filter>Resource Files</Filter>
    </CustomBuild>
  </ItemGroup>
</Project>